hash: feb398ad417bd1cb92c6299177a16b4cad0f5ddf5cb0cc90c7c5d3e72802d069
updated: 2019-03-11T20:34:24.229575+08:00
imports:
- name: github.com/gin-gonic/gin
  version: b869fe1415e4b9eb52f247441830d502aece2d4d
  subpackages:
  - json
- name: github.com/go-chi/chi
  version: da24bba8dcd4021cafac38724bf10dccc97c3e36
- name: github.com/go-sql-driver/mysql
  version: 72cd26f257d44c1114970e19afddcd812016007e
- name: github.com/golang/protobuf
  version: c823c79ea1570fb5ff454033735a8e68575d1d0f
  subpackages:
  - proto
- name: github.com/gomodule/redigo
  version: 9c11da706d9b7902c6da69c592f75637793fe121
  subpackages:
  - internal
  - redis
- name: github.com/json-iterator/go
  version: 1624edc4454b8682399def8740d46db5e4362ba4
- name: github.com/konsorten/go-windows-terminal-sequences
  version: f55edac94c9bbba5d6182a4be46d86a2c9b5b50e
- name: github.com/modern-go/concurrent
  version: bacd9c7ef1dd9b15be4a9909b8ac7a4e313eec94
- name: github.com/modern-go/reflect2
  version: 4b7aa43c6742a2c18fdef89dd197aaae7dac7ccd
- name: github.com/moul/http2curl
  version: 9ac6cf4d929b2fa8fd2d2e6dec5bb0feb4f4911d
- name: github.com/parnurzeal/gorequest
  version: a578a48e8d6ca8b01a3b18314c43c6716bb5f5a3
- name: github.com/pkg/errors
  version: ba968bfe8b2f7e042a574c888954fccecfa385b4
- name: github.com/sirupsen/logrus
  version: e1e72e9de974bd926e5c56f83753fba2df402ce5
- name: github.com/ugorji/go
  version: 8fd0f8d918c8f0b52d0af210a812ba882cc31a1e
  subpackages:
  - codec
- name: github.com/xuruiray/binding
  version: d6192edfdcaed8c39a0886baf98a52831c471537
- name: github.com/xuruiray/gosql
  version: b39d511378f351585c8536766d56d6272327a312
- name: golang.org/x/crypto
  version: c2843e01d9a2bc60bb26ad24e09734fdc2d9ec58
  subpackages:
  - ssh/terminal
- name: golang.org/x/net
  version: c10a0554eabf8a6a7a6cc3097c9d9f43dcee0a43
  subpackages:
  - publicsuffix
- name: golang.org/x/sys
  version: 10058d7d4faa7dd5ef860cbd31af00903076e7b8
  subpackages:
  - unix
  - windows
- name: google.golang.org/appengine
  version: e9657d882bb81064595ca3b56cbe2546bbabf7b1
  subpackages:
  - cloudsql
- name: upper.io/db.v3
  version: 2f58dea678dbdcd3710158e8572025ef4d2c6df7
  subpackages:
  - internal/cache
  - internal/cache/hashstructure
  - internal/immutable
  - internal/sqladapter
  - internal/sqladapter/compat
  - internal/sqladapter/exql
  - lib/reflectx
  - lib/sqlbuilder
  - mysql
testImports: []
